
Microsoft Visual Studio Solution File, Format Version 12.00
# Visual Studio Version 17
VisualStudioVersion = 17.14.36109.1 d17.14
MinimumVisualStudioVersion = 10.0.40219.1
Project("{FAE04EC0-301F-11D3-BF4B-00C04F79EFBC}") = "ProductionManagementSystem", "ProductionManagementSystem.csproj", "{347F8A0F-FFFD-4E0C-A682-FB043BBB1588}"
EndProject
Global
	GlobalSection(SolutionConfigurationPlatforms) = preSolution
		Debug|Any CPU = Debug|Any CPU
		Release|Any CPU = Release|Any CPU
	EndGlobalSection
	GlobalSection(ProjectConfigurationPlatforms) = postSolution
		{347F8A0F-FFFD-4E0C-A682-FB043BBB1588}.Debug|Any CPU.ActiveCfg = Debug|Any CPU
		{347F8A0F-FFFD-4E0C-A682-FB043BBB1588}.Debug|Any CPU.Build.0 = Debug|Any CPU
		{347F8A0F-FFFD-4E0C-A682-FB043BBB1588}.Release|Any CPU.ActiveCfg = Release|Any CPU
		{347F8A0F-FFFD-4E0C-A682-FB043BBB1588}.Release|Any CPU.Build.0 = Release|Any CPU
	EndGlobalSection
	GlobalSection(SolutionProperties) = preSolution
		HideSolutionNode = FALSE
	EndGlobalSection
	GlobalSection(ExtensibilityGlobals) = postSolution
		SolutionGuid = {B407CB5A-E154-4001-9DB6-98FA5B5304D2}
	EndGlobalSection
EndGlobal
